<?xml version="1.0" encoding="utf-8"?>
<Project ToolsVersion="4.0" xmlns="http://schemas.microsoft.com/developer/msbuild/2003">
  <ItemGroup>
    <Filter Include="data">
      <UniqueIdentifier>{7984EC17-0F98-0840-BAB0-367A960B2579}</UniqueIdentifier>
    </Filter>
  </ItemGroup>
  <ItemGroup>
    <None Include="data\PCN.vert">
      <Filter>data</Filter>
    </None>
    <None Include="data\PN.vert">
      <Filter>data</Filter>
    </None>
    <None Include="data\PosTransform.vert">
      <Filter>data</Filter>
    </None>
    <None Include="data\UniformColor.frag">
      <Filter>data</Filter>
    </None>
    <None Include="data\NoPhong.frag">
      <Filter>data</Filter>
    </None>
    <None Include="data\PhongOnly.frag">
      <Filter>data</Filter>
    </None>
    <None Include="data\PhongLighting.frag">
      <Filter>data</Filter>
    </None>
  </ItemGroup>
  <ItemGroup>
    <ClCompile Include="Phong Lighting.cpp" />
  </ItemGroup>
</Project>
