<?xml version="1.0" encoding="utf-8"?>
<Project ToolsVersion="4.0" xmlns="http://schemas.microsoft.com/developer/msbuild/2003">
  <ItemGroup>
    <Filter Include="data">
      <UniqueIdentifier>{CB98E21F-4B00-8643-A1BB-4F6EF7B7BB4E}</UniqueIdentifier>
    </Filter>
  </ItemGroup>
  <ItemGroup>
    <None Include="data\Standard.frag">
      <Filter>data</Filter>
    </None>
    <None Include="data\Standard.vert">
      <Filter>data</Filter>
    </None>
  </ItemGroup>
  <ItemGroup>
    <ClCompile Include="DepthFighting.cpp" />
  </ItemGroup>
</Project>
