<?xml version="1.0" encoding="utf-8"?>
<Project ToolsVersion="4.0" xmlns="http://schemas.microsoft.com/developer/msbuild/2003">
  <ItemGroup>
    <Filter Include="data">
      <UniqueIdentifier>{8FBF405C-5FF1-6447-A530-3D2D2AB0DFA6}</UniqueIdentifier>
    </Filter>
  </ItemGroup>
  <ItemGroup>
    <None Include="data\PNC.vert">
      <Filter>data</Filter>
    </None>
    <None Include="data\PN.vert">
      <Filter>data</Filter>
    </None>
    <None Include="data\DiffuseSpecular.frag">
      <Filter>data</Filter>
    </None>
    <None Include="data\DiffuseOnly.frag">
      <Filter>data</Filter>
    </None>
    <None Include="data\DiffuseSpecularMtl.frag">
      <Filter>data</Filter>
    </None>
    <None Include="data\DiffuseOnlyMtl.frag">
      <Filter>data</Filter>
    </None>
  </ItemGroup>
  <ItemGroup>
    <ClInclude Include="Lights.h" />
    <ClInclude Include="Scene.h" />
  </ItemGroup>
  <ItemGroup>
    <ClCompile Include="Scene Lighting.cpp" />
    <ClCompile Include="Lights.cpp" />
    <ClCompile Include="Scene.cpp" />
  </ItemGroup>
</Project>
