<?xml version="1.0" encoding="utf-8"?>
<Project ToolsVersion="4.0" xmlns="http://schemas.microsoft.com/developer/msbuild/2003">
  <ItemGroup>
    <Filter Include="data">
      <UniqueIdentifier>{59035B3C-F383-AE41-B656-9A4950FCFE1D}</UniqueIdentifier>
    </Filter>
  </ItemGroup>
  <ItemGroup>
    <None Include="data\ColorMultUniform.frag">
      <Filter>data</Filter>
    </None>
    <None Include="data\PosColorLocalTransform.vert">
      <Filter>data</Filter>
    </None>
  </ItemGroup>
  <ItemGroup>
    <ClCompile Include="QuaternionYPR.cpp" />
  </ItemGroup>
</Project>
