<?xml version="1.0" encoding="utf-8"?>
<Project ToolsVersion="4.0" xmlns="http://schemas.microsoft.com/developer/msbuild/2003">
  <ItemGroup>
    <Filter Include="data">
      <UniqueIdentifier>{400E8F5A-A208-364A-8948-A981B22893A3}</UniqueIdentifier>
    </Filter>
  </ItemGroup>
  <ItemGroup>
    <None Include="data\DirVertexLighting_PCN.vert">
      <Filter>data</Filter>
    </None>
    <None Include="data\DirVertexLighting_PN.vert">
      <Filter>data</Filter>
    </None>
    <None Include="data\ColorPassthrough.frag">
      <Filter>data</Filter>
    </None>
  </ItemGroup>
  <ItemGroup>
    <ClCompile Include="Basic Lighting.cpp" />
  </ItemGroup>
</Project>
