<?xml version="1.0" encoding="utf-8"?>
<Project ToolsVersion="4.0" xmlns="http://schemas.microsoft.com/developer/msbuild/2003">
  <ItemGroup>
    <Filter Include="data">
      <UniqueIdentifier>{B09AF29F-CC98-8B4B-87BE-5456F7BA7153}</UniqueIdentifier>
    </Filter>
  </ItemGroup>
  <ItemGroup>
    <None Include="data\StandardColors.frag">
      <Filter>data</Filter>
    </None>
    <None Include="data\MatrixPerspective.vert">
      <Filter>data</Filter>
    </None>
  </ItemGroup>
  <ItemGroup>
    <ClCompile Include="MatrixPerspective.cpp" />
  </ItemGroup>
</Project>
