<?xml version="1.0" encoding="utf-8"?>
<Project ToolsVersion="4.0" xmlns="http://schemas.microsoft.com/developer/msbuild/2003">
  <ItemGroup>
    <Filter Include="data">
      <UniqueIdentifier>{39C79267-1591-B140-A811-5D649B07EE34}</UniqueIdentifier>
    </Filter>
  </ItemGroup>
  <ItemGroup>
    <None Include="data\StandardColors.frag">
      <Filter>data</Filter>
    </None>
    <None Include="data\MatrixPerspective.vert">
      <Filter>data</Filter>
    </None>
  </ItemGroup>
  <ItemGroup>
    <ClCompile Include="AspectRatio.cpp" />
  </ItemGroup>
</Project>
