<?xml version="1.0" encoding="utf-8"?>
<Project ToolsVersion="4.0" xmlns="http://schemas.microsoft.com/developer/msbuild/2003">
  <ItemGroup>
    <Filter Include="data">
      <UniqueIdentifier>{A3B2E075-DCD1-A34D-899E-5AD0FEB20EBA}</UniqueIdentifier>
    </Filter>
  </ItemGroup>
  <ItemGroup>
    <None Include="data\ColorPassthrough.frag">
      <Filter>data</Filter>
    </None>
    <None Include="data\PosColorLocalTransform.vert">
      <Filter>data</Filter>
    </None>
  </ItemGroup>
  <ItemGroup>
    <ClCompile Include="Hierarchy.cpp" />
  </ItemGroup>
</Project>
