<?xml version="1.0" encoding="utf-8"?>
<Project ToolsVersion="4.0" xmlns="http://schemas.microsoft.com/developer/msbuild/2003">
  <ItemGroup>
    <Filter Include="data">
      <UniqueIdentifier>{BAA0F0F4-8CD7-C44C-9C1E-E9F03A851C61}</UniqueIdentifier>
    </Filter>
  </ItemGroup>
  <ItemGroup>
    <None Include="data\ColorPassthrough.frag">
      <Filter>data</Filter>
    </None>
    <None Include="data\PosColorLocalTransform.vert">
      <Filter>data</Filter>
    </None>
  </ItemGroup>
  <ItemGroup>
    <ClCompile Include="Translation.cpp" />
  </ItemGroup>
</Project>
